
Microsoft Visual Studio Solution File, Format Version 12.00
# Visual Studio Version 17
VisualStudioVersion = 17.9.34310.174
MinimumVisualStudioVersion = 10.0.40219.1
Project("{FAE04EC0-301F-11D3-BF4B-00C04F79EFBC}") = "coronaSystemHMO", "coronaSystemHMO\coronaSystemHMO.csproj", "{E11CB1B1-8A5D-4FB1-B158-9AE0787C20DF}"
EndProject
Project("{FAE04EC0-301F-11D3-BF4B-00C04F79EFBC}") = "coronaSystemHMO-BL", "coronaSystemHMO-BL\coronaSystemHMO-BL.csproj", "{334D1B35-8186-4B0B-9C21-06C1B428BACA}"
EndProject
Project("{FAE04EC0-301F-11D3-BF4B-00C04F79EFBC}") = "coronaSystemHMO-DAL", "coronaSystemHMO-DAL\coronaSystemHMO-DAL.csproj", "{80687470-A992-41DF-B80E-1337AB9FF7C7}"
EndProject
Project("{FAE04EC0-301F-11D3-BF4B-00C04F79EFBC}") = "coronaSystemHMO-DTO", "coronaSystemHMO-DTO\coronaSystemHMO-DTO.csproj", "{3B9A2596-4CC6-4166-8B1D-B90948A5A1DC}"
EndProject
Global
	GlobalSection(SolutionConfigurationPlatforms) = preSolution
		Debug|Any CPU = Debug|Any CPU
		Release|Any CPU = Release|Any CPU
	EndGlobalSection
	GlobalSection(ProjectConfigurationPlatforms) = postSolution
		{E11CB1B1-8A5D-4FB1-B158-9AE0787C20DF}.Debug|Any CPU.ActiveCfg = Debug|Any CPU
		{E11CB1B1-8A5D-4FB1-B158-9AE0787C20DF}.Debug|Any CPU.Build.0 = Debug|Any CPU
		{E11CB1B1-8A5D-4FB1-B158-9AE0787C20DF}.Release|Any CPU.ActiveCfg = Release|Any CPU
		{E11CB1B1-8A5D-4FB1-B158-9AE0787C20DF}.Release|Any CPU.Build.0 = Release|Any CPU
		{334D1B35-8186-4B0B-9C21-06C1B428BACA}.Debug|Any CPU.ActiveCfg = Debug|Any CPU
		{334D1B35-8186-4B0B-9C21-06C1B428BACA}.Debug|Any CPU.Build.0 = Debug|Any CPU
		{334D1B35-8186-4B0B-9C21-06C1B428BACA}.Release|Any CPU.ActiveCfg = Release|Any CPU
		{334D1B35-8186-4B0B-9C21-06C1B428BACA}.Release|Any CPU.Build.0 = Release|Any CPU
		{80687470-A992-41DF-B80E-1337AB9FF7C7}.Debug|Any CPU.ActiveCfg = Debug|Any CPU
		{80687470-A992-41DF-B80E-1337AB9FF7C7}.Debug|Any CPU.Build.0 = Debug|Any CPU
		{80687470-A992-41DF-B80E-1337AB9FF7C7}.Release|Any CPU.ActiveCfg = Release|Any CPU
		{80687470-A992-41DF-B80E-1337AB9FF7C7}.Release|Any CPU.Build.0 = Release|Any CPU
		{3B9A2596-4CC6-4166-8B1D-B90948A5A1DC}.Debug|Any CPU.ActiveCfg = Debug|Any CPU
		{3B9A2596-4CC6-4166-8B1D-B90948A5A1DC}.Debug|Any CPU.Build.0 = Debug|Any CPU
		{3B9A2596-4CC6-4166-8B1D-B90948A5A1DC}.Release|Any CPU.ActiveCfg = Release|Any CPU
		{3B9A2596-4CC6-4166-8B1D-B90948A5A1DC}.Release|Any CPU.Build.0 = Release|Any CPU
	EndGlobalSection
	GlobalSection(SolutionProperties) = preSolution
		HideSolutionNode = FALSE
	EndGlobalSection
	GlobalSection(ExtensibilityGlobals) = postSolution
		SolutionGuid = {33A042D0-B080-4107-A00E-33BE9B81A6B8}
	EndGlobalSection
EndGlobal
